hash: 68952f07a68274bd32fb0df76db69f9a94c9193be16ff0730026dbacb5701d01
updated: 2017-09-26T20:13:55.577989691-07:00
imports:
- name: github.com/gorilla/context
  version: 08b5f424b9271eedf6f9f0ce86cb9396ed337a42
- name: github.com/gorilla/mux
  version: 24fca303ac6da784b9e8269f724ddeb0b2eea5e7
- name: github.com/Sirupsen/logrus
  version: f006c2ac4710855cf0f916dd6b77acf6b048dc6e
- name: golang.org/x/crypto
  version: 3627ff35f31987174dbee61d9d1dcc1c643e7174
  subpackages:
  - ssh/terminal
- name: golang.org/x/sys
  version: 98b5b1e7e80eb60271c8dc4eba6521ec2c3e811e
  subpackages:
  - unix
testImports: []
